
Microsoft Visual Studio Solution File, Format Version 12.00
# Visual Studio 14
VisualStudioVersion = 14.0.25420.1
MinimumVisualStudioVersion = 10.0.40219.1
Project("{FAE04EC0-301F-11D3-BF4B-00C04F79EFBC}") = "SteganographyImages", "SteganographyImages\SteganographyImages.csproj", "{9757C4CC-EFD5-41FC-8C80-3399D8E0831E}"
EndProject
Project("{FAE04EC0-301F-11D3-BF4B-00C04F79EFBC}") = "ImagesProccessor", "ImagesProccessor\ImagesProccessor.csproj", "{4868551A-3236-48B7-92F5-BCDD060A389E}"
EndProject
Project("{FAE04EC0-301F-11D3-BF4B-00C04F79EFBC}") = "Ext", "Ext\Ext\Ext.csproj", "{1D42B811-C029-41FE-8B5E-748F41025709}"
EndProject
Global
	GlobalSection(SolutionConfigurationPlatforms) = preSolution
		Debug|Any CPU = Debug|Any CPU
		Release|Any CPU = Release|Any CPU
		ReleaseClient|Any CPU = ReleaseClient|Any CPU
	EndGlobalSection
	GlobalSection(ProjectConfigurationPlatforms) = postSolution
		{9757C4CC-EFD5-41FC-8C80-3399D8E0831E}.Debug|Any CPU.ActiveCfg = Debug|Any CPU
		{9757C4CC-EFD5-41FC-8C80-3399D8E0831E}.Debug|Any CPU.Build.0 = Debug|Any CPU
		{9757C4CC-EFD5-41FC-8C80-3399D8E0831E}.Release|Any CPU.ActiveCfg = Release|Any CPU
		{9757C4CC-EFD5-41FC-8C80-3399D8E0831E}.Release|Any CPU.Build.0 = Release|Any CPU
		{9757C4CC-EFD5-41FC-8C80-3399D8E0831E}.ReleaseClient|Any CPU.ActiveCfg = Release|Any CPU
		{9757C4CC-EFD5-41FC-8C80-3399D8E0831E}.ReleaseClient|Any CPU.Build.0 = Release|Any CPU
		{4868551A-3236-48B7-92F5-BCDD060A389E}.Debug|Any CPU.ActiveCfg = Debug|Any CPU
		{4868551A-3236-48B7-92F5-BCDD060A389E}.Debug|Any CPU.Build.0 = Debug|Any CPU
		{4868551A-3236-48B7-92F5-BCDD060A389E}.Release|Any CPU.ActiveCfg = Release|Any CPU
		{4868551A-3236-48B7-92F5-BCDD060A389E}.Release|Any CPU.Build.0 = Release|Any CPU
		{4868551A-3236-48B7-92F5-BCDD060A389E}.ReleaseClient|Any CPU.ActiveCfg = Release|Any CPU
		{4868551A-3236-48B7-92F5-BCDD060A389E}.ReleaseClient|Any CPU.Build.0 = Release|Any CPU
		{1D42B811-C029-41FE-8B5E-748F41025709}.Debug|Any CPU.ActiveCfg = Debug|Any CPU
		{1D42B811-C029-41FE-8B5E-748F41025709}.Debug|Any CPU.Build.0 = Debug|Any CPU
		{1D42B811-C029-41FE-8B5E-748F41025709}.Release|Any CPU.ActiveCfg = Release|Any CPU
		{1D42B811-C029-41FE-8B5E-748F41025709}.Release|Any CPU.Build.0 = Release|Any CPU
		{1D42B811-C029-41FE-8B5E-748F41025709}.ReleaseClient|Any CPU.ActiveCfg = ReleaseClient|Any CPU
		{1D42B811-C029-41FE-8B5E-748F41025709}.ReleaseClient|Any CPU.Build.0 = ReleaseClient|Any CPU
	EndGlobalSection
	GlobalSection(SolutionProperties) = preSolution
		HideSolutionNode = FALSE
	EndGlobalSection
EndGlobal
